// !$*UTF8*$!
{
	archiveVersion = 1;
	classes = {
	};
	objectVersion = 50;
	objects = {

/* Begin PBXBuildFile section */
		1DA56CA8248A87C000FF96BC /* AppDelegate.swift in Sources */ = {isa = PBXBuildFile; fileRef = 1DA56CA7248A87C000FF96BC /* AppDelegate.swift */; };
		1DA56CAA248A87C000FF96BC /* SceneDelegate.swift in Sources */ = {isa = PBXBuildFile; fileRef = 1DA56CA9248A87C000FF96BC /* SceneDelegate.swift */; };
		1DA56CAC248A87C000FF96BC /* ContentView.swift in Sources */ = {isa = PBXBuildFile; fileRef = 1DA56CAB248A87C000FF96BC /* ContentView.swift */; };
		1DA56CAE248A87C600FF96BC /* Assets.xcassets in Resources */ = {isa = PBXBuildFile; fileRef = 1DA56CAD248A87C600FF96BC /* Assets.xcassets */; };
		1DA56CB1248A87C600FF96BC /* Preview Assets.xcassets in Resources */ = {isa = PBXBuildFile; fileRef = 1DA56CB0248A87C600FF96BC /* Preview Assets.xcassets */; };
		1DA56CB4248A87C600FF96BC /* LaunchScreen.storyboard in Resources */ = {isa = PBXBuildFile; fileRef = 1DA56CB2248A87C600FF96BC /* LaunchScreen.storyboard */; };
		1DA56CBD248A880200FF96BC /* ArcShape.swift in Sources */ = {isa = PBXBuildFile; fileRef = 1DA56CBC248A880200FF96BC /* ArcShape.swift */; };
/* End PBXBuildFile section */

/* Begin PBXFileReference section */
		1DA56CA4248A87C000FF96BC /* ProgressiveArc.app */ = {isa = PBXFileReference; explicitFileType = wrapper.application; includeInIndex = 0; path = ProgressiveArc.app; sourceTree = BUILT_PRODUCTS_DIR; };
		1DA56CA7248A87C000FF96BC /* AppDelegate.swift */ = {isa = PBXFileReference; lastKnownFileType = sourcecode.swift; path = AppDelegate.swift; sourceTree = "<group>"; };
		1DA56CA9248A87C000FF96BC /* SceneDelegate.swift */ = {isa = PBXFileReference; lastKnownFileType = sourcecode.swift; path = SceneDelegate.swift; sourceTree = "<group>"; };
		1DA56CAB248A87C000FF96BC /* ContentView.swift */ = {isa = PBXFileReference; lastKnownFileType = sourcecode.swift; path = ContentView.swift; sourceTree = "<group>"; };
		1DA56CAD248A87C600FF96BC /* Assets.xcassets */ = {isa = PBXFileReference; lastKnownFileType = folder.assetcatalog; path = Assets.xcassets; sourceTree = "<group>"; };
		1DA56CB0248A87C600FF96BC /* Preview Assets.xcassets */ = {isa = PBXFileReference; lastKnownFileType = folder.assetcatalog; path = "Preview Assets.xcassets"; sourceTree = "<group>"; };
		1DA56CB3248A87C600FF96BC /* Base */ = {isa = PBXFileReference; lastKnownFileType = file.storyboard; name = Base; path = Base.lproj/LaunchScreen.storyboard; sourceTree = "<group>"; };
		1DA56CB5248A87C600FF96BC /* Info.plist */ = {isa = PBXFileReference; lastKnownFileType = text.plist.xml; path = Info.plist; sourceTree = "<group>"; };
		1DA56CBC248A880200FF96BC /* ArcShape.swift */ = {isa = PBXFileReference; lastKnownFileType = sourcecode.swift; path = ArcShape.swift; sourceTree = "<group>"; };
/* End PBXFileReference section */

/* Begin PBXFrameworksBuildPhase section */
		1DA56CA1248A87BF00FF96BC /* Frameworks */ = {
			isa = PBXFrameworksBuildPhase;
			buildActionMask = 2147483647;
			files = (
			);
			runOnlyForDeploymentPostprocessing = 0;
		};
/* End PBXFrameworksBuildPhase section */

/* Begin PBXGroup section */
		1DA56C9B248A87BF00FF96BC = {
			isa = PBXGroup;
			children = (
				1DA56CA6248A87C000FF96BC /* ProgressiveArc */,
				1DA56CA5248A87C000FF96BC /* Products */,
			);
			sourceTree = "<group>";
		};
		1DA56CA5248A87C000FF96BC /* Products */ = {
			isa = PBXGroup;
			children = (
				1DA56CA4248A87C000FF96BC /* ProgressiveArc.app */,
			);
			name = Products;
			sourceTree = "<group>";
		};
		1DA56CA6248A87C000FF96BC /* ProgressiveArc */ = {
			isa = PBXGroup;
			children = (
				1DA56CBB248A87F000FF96BC /* Shapes */,
				1DA56CA7248A87C000FF96BC /* AppDelegate.swift */,
				1DA56CA9248A87C000FF96BC /* SceneDelegate.swift */,
				1DA56CAB248A87C000FF96BC /* ContentView.swift */,
				1DA56CAD248A87C600FF96BC /* Assets.xcassets */,
				1DA56CB2248A87C600FF96BC /* LaunchScreen.storyboard */,
				1DA56CB5248A87C600FF96BC /* Info.plist */,
				1DA56CAF248A87C600FF96BC /* Preview Content */,
			);
			path = ProgressiveArc;
			sourceTree = "<group>";
		};
		1DA56CAF248A87C600FF96BC /* Preview Content */ = {
			isa = PBXGroup;
			children = (
				1DA56CB0248A87C600FF96BC /* Preview Assets.xcassets */,
			);
			path = "Preview Content";
			sourceTree = "<group>";
		};
		1DA56CBB248A87F000FF96BC /* Shapes */ = {
			isa = PBXGroup;
			children = (
				1DA56CBC248A880200FF96BC /* ArcShape.swift */,
			);
			path = Shapes;
			sourceTree = "<group>";
		};
/* End PBXGroup section */

/* Begin PBXNativeTarget section */
		1DA56CA3248A87BF00FF96BC /* ProgressiveArc */ = {
			isa = PBXNativeTarget;
			buildConfigurationList = 1DA56CB8248A87C600FF96BC /* Build configuration list for PBXNativeTarget "ProgressiveArc" */;
			buildPhases = (
				1DA56CA0248A87BF00FF96BC /* Sources */,
				1DA56CA1248A87BF00FF96BC /* Frameworks */,
				1DA56CA2248A87BF00FF96BC /* Resources */,
			);
			buildRules = (
			);
			dependencies = (
			);
			name = ProgressiveArc;
			productName = ProgressiveArc;
			productReference = 1DA56CA4248A87C000FF96BC /* ProgressiveArc.app */;
			productType = "com.apple.product-type.application";
		};
/* End PBXNativeTarget section */

/* Begin PBXProject section */
		1DA56C9C248A87BF00FF96BC /* Project object */ = {
			isa = PBXProject;
			attributes = {
				LastSwiftUpdateCheck = 1150;
				LastUpgradeCheck = 1150;
				ORGANIZATIONNAME = "Ramill Ibragimov";
				TargetAttributes = {
					1DA56CA3248A87BF00FF96BC = {
						CreatedOnToolsVersion = 11.5;
					};
				};
			};
			buildConfigurationList = 1DA56C9F248A87BF00FF96BC /* Build configuration list for PBXProject "ProgressiveArc" */;
			compatibilityVersion = "Xcode 9.3";
			developmentRegion = en;
			hasScannedForEncodings = 0;
			knownRegions = (
				en,
				Base,
			);
			mainGroup = 1DA56C9B248A87BF00FF96BC;
			productRefGroup = 1DA56CA5248A87C000FF96BC /* Products */;
			projectDirPath = "";
			projectRoot = "";
			targets = (
				1DA56CA3248A87BF00FF96BC /* ProgressiveArc */,
			);
		};
/* End PBXProject section */

/* Begin PBXResourcesBuildPhase section */
		1DA56CA2248A87BF00FF96BC /* Resources */ = {
			isa = PBXResourcesBuildPhase;
			buildActionMask = 2147483647;
			files = (
				1DA56CB4248A87C600FF96BC /* LaunchScreen.storyboard in Resources */,
				1DA56CB1248A87C600FF96BC /* Preview Assets.xcassets in Resources */,
				1DA56CAE248A87C600FF96BC /* Assets.xcassets in Resources */,
			);
			runOnlyForDeploymentPostprocessing = 0;
		};
/* End PBXResourcesBuildPhase section */

/* Begin PBXSourcesBuildPhase section */
		1DA56CA0248A87BF00FF96BC /* Sources */ = {
			isa = PBXSourcesBuildPhase;
			buildActionMask = 2147483647;
			files = (
				1DA56CBD248A880200FF96BC /* ArcShape.swift in Sources */,
				1DA56CA8248A87C000FF96BC /* AppDelegate.swift in Sources */,
				1DA56CAA248A87C000FF96BC /* SceneDelegate.swift in Sources */,
				1DA56CAC248A87C000FF96BC /* ContentView.swift in Sources */,
			);
			runOnlyForDeploymentPostprocessing = 0;
		};
/* End PBXSourcesBuildPhase section */

/* Begin PBXVariantGroup section */
		1DA56CB2248A87C600FF96BC /* LaunchScreen.storyboard */ = {
			isa = PBXVariantGroup;
			children = (
				1DA56CB3248A87C600FF96BC /* Base */,
			);
			name = LaunchScreen.storyboard;
			sourceTree = "<group>";
		};
/* End PBXVariantGroup section */

/* Begin XCBuildConfiguration section */
		1DA56CB6248A87C600FF96BC /* Debug */ = {
			isa = XCBuildConfiguration;
			buildSettings = {
				ALWAYS_SEARCH_USER_PATHS = NO;
				CLANG_ANALYZER_NONNULL = YES;
				CLANG_ANALYZER_NUMBER_OBJECT_CONVERSION = YES_AGGRESSIVE;
				CLANG_CXX_LANGUAGE_STANDARD = "gnu++14";
				CLANG_CXX_LIBRARY = "libc++";
				CLANG_ENABLE_MODULES = YES;
				CLANG_ENABLE_OBJC_ARC = YES;
				CLANG_ENABLE_OBJC_WEAK = YES;
				CLANG_WARN_BLOCK_CAPTURE_AUTORELEASING = YES;
				CLANG_WARN_BOOL_CONVERSION = YES;
				CLANG_WARN_COMMA = YES;
				CLANG_WARN_CONSTANT_CONVERSION = YES;
				CLANG_WARN_DEPRECATED_OBJC_IMPLEMENTATIONS = YES;
				CLANG_WARN_DIRECT_OBJC_ISA_USAGE = YES_ERROR;
				CLANG_WARN_DOCUMENTATION_COMMENTS = YES;
				CLANG_WARN_EMPTY_BODY = YES;
				CLANG_WARN_ENUM_CONVERSION = YES;
				CLANG_WARN_INFINITE_RECURSION = YES;
				CLANG_WARN_INT_CONVERSION = YES;
				CLANG_WARN_NON_LITERAL_NULL_CONVERSION = YES;
				CLANG_WARN_OBJC_IMPLICIT_RETAIN_SELF = YES;
				CLANG_WARN_OBJC_LITERAL_CONVERSION = YES;
				CLANG_WARN_OBJC_ROOT_CLASS = YES_ERROR;
				CLANG_WARN_RANGE_LOOP_ANALYSIS = YES;
				CLANG_WARN_STRICT_PROTOTYPES = YES;
				CLANG_WARN_SUSPICIOUS_MOVE = YES;
				CLANG_WARN_UNGUARDED_AVAILABILITY = YES_AGGRESSIVE;
				CLANG_WARN_UNREACHABLE_CODE = YES;
				CLANG_WARN__DUPLICATE_METHOD_MATCH = YES;
				COPY_PHASE_STRIP = NO;
				DEBUG_INFORMATION_FORMAT = dwarf;
				ENABLE_STRICT_OBJC_MSGSEND = YES;
				ENABLE_TESTABILITY = YES;
				GCC_C_LANGUAGE_STANDARD = gnu11;
				GCC_DYNAMIC_NO_PIC = NO;
				GCC_NO_COMMON_BLOCKS = YES;
				GCC_OPTIMIZATION_LEVEL = 0;
				GCC_PREPROCESSOR_DEFINITIONS = (
					"DEBUG=1",
					"$(inherited)",
				);
				GCC_WARN_64_TO_32_BIT_CONVERSION = YES;
				GCC_WARN_ABOUT_RETURN_TYPE = YES_ERROR;
				GCC_WARN_UNDECLARED_SELECTOR = YES;
				GCC_WARN_UNINITIALIZED_AUTOS = YES_AGGRESSIVE;
				GCC_WARN_UNUSED_FUNCTION = YES;
				GCC_WARN_UNUSED_VARIABLE = YES;
				IPHONEOS_DEPLOYMENT_TARGET = 13.5;
				MTL_ENABLE_DEBUG_INFO = INCLUDE_SOURCE;
				MTL_FAST_MATH = YES;
				ONLY_ACTIVE_ARCH = YES;
				SDKROOT = iphoneos;
				SWIFT_ACTIVE_COMPILATION_CONDITIONS = DEBUG;
				SWIFT_OPTIMIZATION_LEVEL = "-Onone";
			};
			name = Debug;
		};
		1DA56CB7248A87C600FF96BC /* Release */ = {
			isa = XCBuildConfiguration;
			buildSettings = {
				ALWAYS_SEARCH_USER_PATHS = NO;
				CLANG_ANALYZER_NONNULL = YES;
				CLANG_ANALYZER_NUMBER_OBJECT_CONVERSION = YES_AGGRESSIVE;
				CLANG_CXX_LANGUAGE_STANDARD = "gnu++14";
				CLANG_CXX_LIBRARY = "libc++";
				CLANG_ENABLE_MODULES = YES;
				CLANG_ENABLE_OBJC_ARC = YES;
				CLANG_ENABLE_OBJC_WEAK = YES;
				CLANG_WARN_BLOCK_CAPTURE_AUTORELEASING = YES;
				CLANG_WARN_BOOL_CONVERSION = YES;
				CLANG_WARN_COMMA = YES;
				CLANG_WARN_CONSTANT_CONVERSION = YES;
				CLANG_WARN_DEPRECATED_OBJC_IMPLEMENTATIONS = YES;
				CLANG_WARN_DIRECT_OBJC_ISA_USAGE = YES_ERROR;
				CLANG_WARN_DOCUMENTATION_COMMENTS = YES;
				CLANG_WARN_EMPTY_BODY = YES;
				CLANG_WARN_ENUM_CONVERSION = YES;
				CLANG_WARN_INFINITE_RECURSION = YES;
				CLANG_WARN_INT_CONVERSION = YES;
				CLANG_WARN_NON_LITERAL_NULL_CONVERSION = YES;
				CLANG_WARN_OBJC_IMPLICIT_RETAIN_SELF = YES;
				CLANG_WARN_OBJC_LITERAL_CONVERSION = YES;
				CLANG_WARN_OBJC_ROOT_CLASS = YES_ERROR;
				CLANG_WARN_RANGE_LOOP_ANALYSIS = YES;
				CLANG_WARN_STRICT_PROTOTYPES = YES;
				CLANG_WARN_SUSPICIOUS_MOVE = YES;
				CLANG_WARN_UNGUARDED_AVAILABILITY = YES_AGGRESSIVE;
				CLANG_WARN_UNREACHABLE_CODE = YES;
				CLANG_WARN__DUPLICATE_METHOD_MATCH = YES;
				COPY_PHASE_STRIP = NO;
				DEBUG_INFORMATION_FORMAT = "dwarf-with-dsym";
				ENABLE_NS_ASSERTIONS = NO;
				ENABLE_STRICT_OBJC_MSGSEND = YES;
				GCC_C_LANGUAGE_STANDARD = gnu11;
				GCC_NO_COMMON_BLOCKS = YES;
				GCC_WARN_64_TO_32_BIT_CONVERSION = YES;
				GCC_WARN_ABOUT_RETURN_TYPE = YES_ERROR;
				GCC_WARN_UNDECLARED_SELECTOR = YES;
				GCC_WARN_UNINITIALIZED_AUTOS = YES_AGGRESSIVE;
				GCC_WARN_UNUSED_FUNCTION = YES;
				GCC_WARN_UNUSED_VARIABLE = YES;
				IPHONEOS_DEPLOYMENT_TARGET = 13.5;
				MTL_ENABLE_DEBUG_INFO = NO;
				MTL_FAST_MATH = YES;
				SDKROOT = iphoneos;
				SWIFT_COMPILATION_MODE = wholemodule;
				SWIFT_OPTIMIZATION_LEVEL = "-O";
				VALIDATE_PRODUCT = YES;
			};
			name = Release;
		};
		1DA56CB9248A87C600FF96BC /* Debug */ = {
			isa = XCBuildConfiguration;
			buildSettings = {
				ASSETCATALOG_COMPILER_APPICON_NAME = AppIcon;
				CODE_SIGN_STYLE = Automatic;
				DEVELOPMENT_ASSET_PATHS = "\"ProgressiveArc/Preview Content\"";
				DEVELOPMENT_TEAM = L8W86DZDY2;
				ENABLE_PREVIEWS = YES;
				INFOPLIST_FILE = ProgressiveArc/Info.plist;
				LD_RUNPATH_SEARCH_PATHS = (
					"$(inherited)",
					"@executable_path/Frameworks",
				);
				PRODUCT_BUNDLE_IDENTIFIER = com.ri.ProgressiveArc;
				PRODUCT_NAME = "$(TARGET_NAME)";
				SWIFT_VERSION = 5.0;
				TARGETED_DEVICE_FAMILY = "1,2";
			};
			name = Debug;
		};
		1DA56CBA248A87C600FF96BC /* Release */ = {
			isa = XCBuildConfiguration;
			buildSettings = {
				ASSETCATALOG_COMPILER_APPICON_NAME = AppIcon;
				CODE_SIGN_STYLE = Automatic;
				DEVELOPMENT_ASSET_PATHS = "\"ProgressiveArc/Preview Content\"";
				DEVELOPMENT_TEAM = L8W86DZDY2;
				ENABLE_PREVIEWS = YES;
				INFOPLIST_FILE = ProgressiveArc/Info.plist;
				LD_RUNPATH_SEARCH_PATHS = (
					"$(inherited)",
					"@executable_path/Frameworks",
				);
				PRODUCT_BUNDLE_IDENTIFIER = com.ri.ProgressiveArc;
				PRODUCT_NAME = "$(TARGET_NAME)";
				SWIFT_VERSION = 5.0;
				TARGETED_DEVICE_FAMILY = "1,2";
			};
			name = Release;
		};
/* End XCBuildConfiguration section */

/* Begin XCConfigurationList section */
		1DA56C9F248A87BF00FF96BC /* Build configuration list for PBXProject "ProgressiveArc" */ = {
			isa = XCConfigurationList;
			buildConfigurations = (
				1DA56CB6248A87C600FF96BC /* Debug */,
				1DA56CB7248A87C600FF96BC /* Release */,
			);
			defaultConfigurationIsVisible = 0;
			defaultConfigurationName = Release;
		};
		1DA56CB8248A87C600FF96BC /* Build configuration list for PBXNativeTarget "ProgressiveArc" */ = {
			isa = XCConfigurationList;
			buildConfigurations = (
				1DA56CB9248A87C600FF96BC /* Debug */,
				1DA56CBA248A87C600FF96BC /* Release */,
			);
			defaultConfigurationIsVisible = 0;
			defaultConfigurationName = Release;
		};
/* End XCConfigurationList section */
	};
	rootObject = 1DA56C9C248A87BF00FF96BC /* Project object */;
}
